// !$*UTF8*$!
{
	archiveVersion = 1;
	classes = {
	};
	objectVersion = 46;
	objects = {

/* Begin PBXBuildFile section */
		65FD5B551A721B4F007239B9 /* Images.xcassets in Resources */ = {isa = PBXBuildFile; fileRef = 65FD5B541A721B4F007239B9 /* Images.xcassets */; };
		65FD5B581A721B4F007239B9 /* LaunchScreen.xib in Resources */ = {isa = PBXBuildFile; fileRef = 65FD5B561A721B4F007239B9 /* LaunchScreen.xib */; };
		65FD5B641A721B50007239B9 /* MoShangTests.m in Sources */ = {isa = PBXBuildFile; fileRef = 65FD5B631A721B50007239B9 /* MoShangTests.m */; };
		65FD5B801A721BF8007239B9 /* AppDelegate.m in Sources */ = {isa = PBXBuildFile; fileRef = 65FD5B701A721BF8007239B9 /* AppDelegate.m */; };
		65FD5B811A721BF8007239B9 /* main.m in Sources */ = {isa = PBXBuildFile; fileRef = 65FD5B711A721BF8007239B9 /* main.m */; };
		65FD5B821A721BF8007239B9 /* RDVTabBar.m in Sources */ = {isa = PBXBuildFile; fileRef = 65FD5B771A721BF8007239B9 /* RDVTabBar.m */; };
		65FD5B831A721BF8007239B9 /* RDVTabBarController.m in Sources */ = {isa = PBXBuildFile; fileRef = 65FD5B791A721BF8007239B9 /* RDVTabBarController.m */; };
		65FD5B841A721BF8007239B9 /* RDVTabBarItem.m in Sources */ = {isa = PBXBuildFile; fileRef = 65FD5B7B1A721BF8007239B9 /* RDVTabBarItem.m */; };
		65FD5B891A721D54007239B9 /* MSMainViewController.m in Sources */ = {isa = PBXBuildFile; fileRef = 65FD5B881A721D54007239B9 /* MSMainViewController.m */; };
		65FD5B8D1A721DE0007239B9 /* MSGlobalNavViewController.m in Sources */ = {isa = PBXBuildFile; fileRef = 65FD5B8C1A721DE0007239B9 /* MSGlobalNavViewController.m */; };
/* End PBXBuildFile section */

/* Begin PBXContainerItemProxy section */
		65FD5B5E1A721B4F007239B9 /* PBXContainerItemProxy */ = {
			isa = PBXContainerItemProxy;
			containerPortal = 65FD5B3C1A721B4F007239B9 /* Project object */;
			proxyType = 1;
			remoteGlobalIDString = 65FD5B431A721B4F007239B9;
			remoteInfo = MoShang;
		};
/* End PBXContainerItemProxy section */

/* Begin PBXFileReference section */
		65FD5B441A721B4F007239B9 /* MoShang.app */ = {isa = PBXFileReference; explicitFileType = wrapper.application; includeInIndex = 0; path = MoShang.app; sourceTree = BUILT_PRODUCTS_DIR; };
		65FD5B481A721B4F007239B9 /* Info.plist */ = {isa = PBXFileReference; lastKnownFileType = text.plist.xml; path = Info.plist; sourceTree = "<group>"; };
		65FD5B541A721B4F007239B9 /* Images.xcassets */ = {isa = PBXFileReference; lastKnownFileType = folder.assetcatalog; path = Images.xcassets; sourceTree = "<group>"; };
		65FD5B571A721B4F007239B9 /* Base */ = {isa = PBXFileReference; lastKnownFileType = file.xib; name = Base; path = Base.lproj/LaunchScreen.xib; sourceTree = "<group>"; };
		65FD5B5D1A721B4F007239B9 /* MoShangTests.xctest */ = {isa = PBXFileReference; explicitFileType = wrapper.cfbundle; includeInIndex = 0; path = MoShangTests.xctest; sourceTree = BUILT_PRODUCTS_DIR; };
		65FD5B621A721B50007239B9 /* Info.plist */ = {isa = PBXFileReference; lastKnownFileType = text.plist.xml; path = Info.plist; sourceTree = "<group>"; };
		65FD5B631A721B50007239B9 /* MoShangTests.m */ = {isa = PBXFileReference; lastKnownFileType = sourcecode.c.objc; path = MoShangTests.m; sourceTree = "<group>"; };
		65FD5B6F1A721BF8007239B9 /* AppDelegate.h */ = {isa = PBXFileReference; fileEncoding = 4; lastKnownFileType = sourcecode.c.h; path = AppDelegate.h; sourceTree = "<group>"; };
		65FD5B701A721BF8007239B9 /* AppDelegate.m */ = {isa = PBXFileReference; fileEncoding = 4; lastKnownFileType = sourcecode.c.objc; path = AppDelegate.m; sourceTree = "<group>"; };
		65FD5B711A721BF8007239B9 /* main.m */ = {isa = PBXFileReference; fileEncoding = 4; lastKnownFileType = sourcecode.c.objc; path = main.m; sourceTree = "<group>"; };
		65FD5B761A721BF8007239B9 /* RDVTabBar.h */ = {isa = PBXFileReference; fileEncoding = 4; lastKnownFileType = sourcecode.c.h; path = RDVTabBar.h; sourceTree = "<group>"; };
		65FD5B771A721BF8007239B9 /* RDVTabBar.m */ = {isa = PBXFileReference; fileEncoding = 4; lastKnownFileType = sourcecode.c.objc; path = RDVTabBar.m; sourceTree = "<group>"; };
		65FD5B781A721BF8007239B9 /* RDVTabBarController.h */ = {isa = PBXFileReference; fileEncoding = 4; lastKnownFileType = sourcecode.c.h; path = RDVTabBarController.h; sourceTree = "<group>"; };
		65FD5B791A721BF8007239B9 /* RDVTabBarController.m */ = {isa = PBXFileReference; fileEncoding = 4; lastKnownFileType = sourcecode.c.objc; path = RDVTabBarController.m; sourceTree = "<group>"; };
		65FD5B7A1A721BF8007239B9 /* RDVTabBarItem.h */ = {isa = PBXFileReference; fileEncoding = 4; lastKnownFileType = sourcecode.c.h; path = RDVTabBarItem.h; sourceTree = "<group>"; };
		65FD5B7B1A721BF8007239B9 /* RDVTabBarItem.m */ = {isa = PBXFileReference; fileEncoding = 4; lastKnownFileType = sourcecode.c.objc; path = RDVTabBarItem.m; sourceTree = "<group>"; };
		65FD5B871A721D54007239B9 /* MSMainViewController.h */ = {isa = PBXFileReference; fileEncoding = 4; lastKnownFileType = sourcecode.c.h; path = MSMainViewController.h; sourceTree = "<group>"; };
		65FD5B881A721D54007239B9 /* MSMainViewController.m */ = {isa = PBXFileReference; fileEncoding = 4; lastKnownFileType = sourcecode.c.objc; path = MSMainViewController.m; sourceTree = "<group>"; };
		65FD5B8B1A721DE0007239B9 /* MSGlobalNavViewController.h */ = {isa = PBXFileReference; fileEncoding = 4; lastKnownFileType = sourcecode.c.h; path = MSGlobalNavViewController.h; sourceTree = "<group>"; };
		65FD5B8C1A721DE0007239B9 /* MSGlobalNavViewController.m */ = {isa = PBXFileReference; fileEncoding = 4; lastKnownFileType = sourcecode.c.objc; path = MSGlobalNavViewController.m; sourceTree = "<group>"; };
/* End PBXFileReference section */

/* Begin PBXFrameworksBuildPhase section */
		65FD5B411A721B4F007239B9 /* Frameworks */ = {
			isa = PBXFrameworksBuildPhase;
			buildActionMask = 2147483647;
			files = (
			);
			runOnlyForDeploymentPostprocessing = 0;
		};
		65FD5B5A1A721B4F007239B9 /* Frameworks */ = {
			isa = PBXFrameworksBuildPhase;
			buildActionMask = 2147483647;
			files = (
			);
			runOnlyForDeploymentPostprocessing = 0;
		};
/* End PBXFrameworksBuildPhase section */

/* Begin PBXGroup section */
		65FD5B3B1A721B4F007239B9 = {
			isa = PBXGroup;
			children = (
				65FD5B461A721B4F007239B9 /* MoShang */,
				65FD5B601A721B4F007239B9 /* MoShangTests */,
				65FD5B451A721B4F007239B9 /* Products */,
			);
			sourceTree = "<group>";
		};
		65FD5B451A721B4F007239B9 /* Products */ = {
			isa = PBXGroup;
			children = (
				65FD5B441A721B4F007239B9 /* MoShang.app */,
				65FD5B5D1A721B4F007239B9 /* MoShangTests.xctest */,
			);
			name = Products;
			sourceTree = "<group>";
		};
		65FD5B461A721B4F007239B9 /* MoShang */ = {
			isa = PBXGroup;
			children = (
				65FD5B6D1A721BF8007239B9 /* Classes */,
				65FD5B541A721B4F007239B9 /* Images.xcassets */,
				65FD5B561A721B4F007239B9 /* LaunchScreen.xib */,
				65FD5B471A721B4F007239B9 /* Supporting Files */,
			);
			path = MoShang;
			sourceTree = "<group>";
		};
		65FD5B471A721B4F007239B9 /* Supporting Files */ = {
			isa = PBXGroup;
			children = (
				65FD5B481A721B4F007239B9 /* Info.plist */,
			);
			name = "Supporting Files";
			sourceTree = "<group>";
		};
		65FD5B601A721B4F007239B9 /* MoShangTests */ = {
			isa = PBXGroup;
			children = (
				65FD5B631A721B50007239B9 /* MoShangTests.m */,
				65FD5B611A721B50007239B9 /* Supporting Files */,
			);
			path = MoShangTests;
			sourceTree = "<group>";
		};
		65FD5B611A721B50007239B9 /* Supporting Files */ = {
			isa = PBXGroup;
			children = (
				65FD5B621A721B50007239B9 /* Info.plist */,
			);
			name = "Supporting Files";
			sourceTree = "<group>";
		};
		65FD5B6D1A721BF8007239B9 /* Classes */ = {
			isa = PBXGroup;
			children = (
				65FD5B6E1A721BF8007239B9 /* AppConfig */,
				65FD5B721A721BF8007239B9 /* Models */,
				65FD5B731A721BF8007239B9 /* Network */,
				65FD5B741A721BF8007239B9 /* ThirdFrameWork */,
				65FD5B7E1A721BF8007239B9 /* ViewControllers */,
				65FD5B7F1A721BF8007239B9 /* Views */,
			);
			path = Classes;
			sourceTree = "<group>";
		};
		65FD5B6E1A721BF8007239B9 /* AppConfig */ = {
			isa = PBXGroup;
			children = (
				65FD5B6F1A721BF8007239B9 /* AppDelegate.h */,
				65FD5B701A721BF8007239B9 /* AppDelegate.m */,
				65FD5B711A721BF8007239B9 /* main.m */,
			);
			path = AppConfig;
			sourceTree = "<group>";
		};
		65FD5B721A721BF8007239B9 /* Models */ = {
			isa = PBXGroup;
			children = (
			);
			path = Models;
			sourceTree = "<group>";
		};
		65FD5B731A721BF8007239B9 /* Network */ = {
			isa = PBXGroup;
			children = (
			);
			path = Network;
			sourceTree = "<group>";
		};
		65FD5B741A721BF8007239B9 /* ThirdFrameWork */ = {
			isa = PBXGroup;
			children = (
				65FD5B751A721BF8007239B9 /* RDVTabBarController */,
			);
			path = ThirdFrameWork;
			sourceTree = "<group>";
		};
		65FD5B751A721BF8007239B9 /* RDVTabBarController */ = {
			isa = PBXGroup;
			children = (
				65FD5B761A721BF8007239B9 /* RDVTabBar.h */,
				65FD5B771A721BF8007239B9 /* RDVTabBar.m */,
				65FD5B781A721BF8007239B9 /* RDVTabBarController.h */,
				65FD5B791A721BF8007239B9 /* RDVTabBarController.m */,
				65FD5B7A1A721BF8007239B9 /* RDVTabBarItem.h */,
				65FD5B7B1A721BF8007239B9 /* RDVTabBarItem.m */,
			);
			path = RDVTabBarController;
			sourceTree = "<group>";
		};
		65FD5B7E1A721BF8007239B9 /* ViewControllers */ = {
			isa = PBXGroup;
			children = (
				65FD5B8A1A721DCF007239B9 /* GlobalNav */,
				65FD5B861A721C9B007239B9 /* Main */,
			);
			path = ViewControllers;
			sourceTree = "<group>";
		};
		65FD5B7F1A721BF8007239B9 /* Views */ = {
			isa = PBXGroup;
			children = (
			);
			path = Views;
			sourceTree = "<group>";
		};
		65FD5B861A721C9B007239B9 /* Main */ = {
			isa = PBXGroup;
			children = (
				65FD5B871A721D54007239B9 /* MSMainViewController.h */,
				65FD5B881A721D54007239B9 /* MSMainViewController.m */,
			);
			path = Main;
			sourceTree = "<group>";
		};
		65FD5B8A1A721DCF007239B9 /* GlobalNav */ = {
			isa = PBXGroup;
			children = (
				65FD5B8B1A721DE0007239B9 /* MSGlobalNavViewController.h */,
				65FD5B8C1A721DE0007239B9 /* MSGlobalNavViewController.m */,
			);
			path = GlobalNav;
			sourceTree = "<group>";
		};
/* End PBXGroup section */

/* Begin PBXNativeTarget section */
		65FD5B431A721B4F007239B9 /* MoShang */ = {
			isa = PBXNativeTarget;
			buildConfigurationList = 65FD5B671A721B50007239B9 /* Build configuration list for PBXNativeTarget "MoShang" */;
			buildPhases = (
				65FD5B401A721B4F007239B9 /* Sources */,
				65FD5B411A721B4F007239B9 /* Frameworks */,
				65FD5B421A721B4F007239B9 /* Resources */,
			);
			buildRules = (
			);
			dependencies = (
			);
			name = MoShang;
			productName = MoShang;
			productReference = 65FD5B441A721B4F007239B9 /* MoShang.app */;
			productType = "com.apple.product-type.application";
		};
		65FD5B5C1A721B4F007239B9 /* MoShangTests */ = {
			isa = PBXNativeTarget;
			buildConfigurationList = 65FD5B6A1A721B50007239B9 /* Build configuration list for PBXNativeTarget "MoShangTests" */;
			buildPhases = (
				65FD5B591A721B4F007239B9 /* Sources */,
				65FD5B5A1A721B4F007239B9 /* Frameworks */,
				65FD5B5B1A721B4F007239B9 /* Resources */,
			);
			buildRules = (
			);
			dependencies = (
				65FD5B5F1A721B4F007239B9 /* PBXTargetDependency */,
			);
			name = MoShangTests;
			productName = MoShangTests;
			productReference = 65FD5B5D1A721B4F007239B9 /* MoShangTests.xctest */;
			productType = "com.apple.product-type.bundle.unit-test";
		};
/* End PBXNativeTarget section */

/* Begin PBXProject section */
		65FD5B3C1A721B4F007239B9 /* Project object */ = {
			isa = PBXProject;
			attributes = {
				LastUpgradeCheck = 0610;
				ORGANIZATIONNAME = stonedong;
				TargetAttributes = {
					65FD5B431A721B4F007239B9 = {
						CreatedOnToolsVersion = 6.1.1;
					};
					65FD5B5C1A721B4F007239B9 = {
						CreatedOnToolsVersion = 6.1.1;
						TestTargetID = 65FD5B431A721B4F007239B9;
					};
				};
			};
			buildConfigurationList = 65FD5B3F1A721B4F007239B9 /* Build configuration list for PBXProject "MoShang" */;
			compatibilityVersion = "Xcode 3.2";
			developmentRegion = English;
			hasScannedForEncodings = 0;
			knownRegions = (
				en,
				Base,
			);
			mainGroup = 65FD5B3B1A721B4F007239B9;
			productRefGroup = 65FD5B451A721B4F007239B9 /* Products */;
			projectDirPath = "";
			projectRoot = "";
			targets = (
				65FD5B431A721B4F007239B9 /* MoShang */,
				65FD5B5C1A721B4F007239B9 /* MoShangTests */,
			);
		};
/* End PBXProject section */

/* Begin PBXResourcesBuildPhase section */
		65FD5B421A721B4F007239B9 /* Resources */ = {
			isa = PBXResourcesBuildPhase;
			buildActionMask = 2147483647;
			files = (
				65FD5B581A721B4F007239B9 /* LaunchScreen.xib in Resources */,
				65FD5B551A721B4F007239B9 /* Images.xcassets in Resources */,
			);
			runOnlyForDeploymentPostprocessing = 0;
		};
		65FD5B5B1A721B4F007239B9 /* Resources */ = {
			isa = PBXResourcesBuildPhase;
			buildActionMask = 2147483647;
			files = (
			);
			runOnlyForDeploymentPostprocessing = 0;
		};
/* End PBXResourcesBuildPhase section */

/* Begin PBXSourcesBuildPhase section */
		65FD5B401A721B4F007239B9 /* Sources */ = {
			isa = PBXSourcesBuildPhase;
			buildActionMask = 2147483647;
			files = (
				65FD5B8D1A721DE0007239B9 /* MSGlobalNavViewController.m in Sources */,
				65FD5B841A721BF8007239B9 /* RDVTabBarItem.m in Sources */,
				65FD5B831A721BF8007239B9 /* RDVTabBarController.m in Sources */,
				65FD5B811A721BF8007239B9 /* main.m in Sources */,
				65FD5B891A721D54007239B9 /* MSMainViewController.m in Sources */,
				65FD5B801A721BF8007239B9 /* AppDelegate.m in Sources */,
				65FD5B821A721BF8007239B9 /* RDVTabBar.m in Sources */,
			);
			runOnlyForDeploymentPostprocessing = 0;
		};
		65FD5B591A721B4F007239B9 /* Sources */ = {
			isa = PBXSourcesBuildPhase;
			buildActionMask = 2147483647;
			files = (
				65FD5B641A721B50007239B9 /* MoShangTests.m in Sources */,
			);
			runOnlyForDeploymentPostprocessing = 0;
		};
/* End PBXSourcesBuildPhase section */

/* Begin PBXTargetDependency section */
		65FD5B5F1A721B4F007239B9 /* PBXTargetDependency */ = {
			isa = PBXTargetDependency;
			target = 65FD5B431A721B4F007239B9 /* MoShang */;
			targetProxy = 65FD5B5E1A721B4F007239B9 /* PBXContainerItemProxy */;
		};
/* End PBXTargetDependency section */

/* Begin PBXVariantGroup section */
		65FD5B561A721B4F007239B9 /* LaunchScreen.xib */ = {
			isa = PBXVariantGroup;
			children = (
				65FD5B571A721B4F007239B9 /* Base */,
			);
			name = LaunchScreen.xib;
			sourceTree = "<group>";
		};
/* End PBXVariantGroup section */

/* Begin XCBuildConfiguration section */
		65FD5B651A721B50007239B9 /* Debug */ = {
			isa = XCBuildConfiguration;
			buildSettings = {
				ALWAYS_SEARCH_USER_PATHS = NO;
				CLANG_CXX_LANGUAGE_STANDARD = "gnu++0x";
				CLANG_CXX_LIBRARY = "libc++";
				CLANG_ENABLE_MODULES = YES;
				CLANG_ENABLE_OBJC_ARC = YES;
				CLANG_WARN_BOOL_CONVERSION = YES;
				CLANG_WARN_CONSTANT_CONVERSION = YES;
				CLANG_WARN_DIRECT_OBJC_ISA_USAGE = YES_ERROR;
				CLANG_WARN_EMPTY_BODY = YES;
				CLANG_WARN_ENUM_CONVERSION = YES;
				CLANG_WARN_INT_CONVERSION = YES;
				CLANG_WARN_OBJC_ROOT_CLASS = YES_ERROR;
				CLANG_WARN_UNREACHABLE_CODE = YES;
				CLANG_WARN__DUPLICATE_METHOD_MATCH = YES;
				"CODE_SIGN_IDENTITY[sdk=iphoneos*]" = "iPhone Developer";
				COPY_PHASE_STRIP = NO;
				ENABLE_STRICT_OBJC_MSGSEND = YES;
				GCC_C_LANGUAGE_STANDARD = gnu99;
				GCC_DYNAMIC_NO_PIC = NO;
				GCC_OPTIMIZATION_LEVEL = 0;
				GCC_PREPROCESSOR_DEFINITIONS = (
					"DEBUG=1",
					"$(inherited)",
				);
				GCC_SYMBOLS_PRIVATE_EXTERN = NO;
				GCC_WARN_64_TO_32_BIT_CONVERSION = YES;
				GCC_WARN_ABOUT_RETURN_TYPE = YES_ERROR;
				GCC_WARN_UNDECLARED_SELECTOR = YES;
				GCC_WARN_UNINITIALIZED_AUTOS = YES_AGGRESSIVE;
				GCC_WARN_UNUSED_FUNCTION = YES;
				GCC_WARN_UNUSED_VARIABLE = YES;
				IPHONEOS_DEPLOYMENT_TARGET = 5.0;
				MTL_ENABLE_DEBUG_INFO = YES;
				ONLY_ACTIVE_ARCH = YES;
				SDKROOT = iphoneos;
			};
			name = Debug;
		};
		65FD5B661A721B50007239B9 /* Release */ = {
			isa = XCBuildConfiguration;
			buildSettings = {
				ALWAYS_SEARCH_USER_PATHS = NO;
				CLANG_CXX_LANGUAGE_STANDARD = "gnu++0x";
				CLANG_CXX_LIBRARY = "libc++";
				CLANG_ENABLE_MODULES = YES;
				CLANG_ENABLE_OBJC_ARC = YES;
				CLANG_WARN_BOOL_CONVERSION = YES;
				CLANG_WARN_CONSTANT_CONVERSION = YES;
				CLANG_WARN_DIRECT_OBJC_ISA_USAGE = YES_ERROR;
				CLANG_WARN_EMPTY_BODY = YES;
				CLANG_WARN_ENUM_CONVERSION = YES;
				CLANG_WARN_INT_CONVERSION = YES;
				CLANG_WARN_OBJC_ROOT_CLASS = YES_ERROR;
				CLANG_WARN_UNREACHABLE_CODE = YES;
				CLANG_WARN__DUPLICATE_METHOD_MATCH = YES;
				"CODE_SIGN_IDENTITY[sdk=iphoneos*]" = "iPhone Developer";
				COPY_PHASE_STRIP = YES;
				ENABLE_NS_ASSERTIONS = NO;
				ENABLE_STRICT_OBJC_MSGSEND = YES;
				GCC_C_LANGUAGE_STANDARD = gnu99;
				GCC_WARN_64_TO_32_BIT_CONVERSION = YES;
				GCC_WARN_ABOUT_RETURN_TYPE = YES_ERROR;
				GCC_WARN_UNDECLARED_SELECTOR = YES;
				GCC_WARN_UNINITIALIZED_AUTOS = YES_AGGRESSIVE;
				GCC_WARN_UNUSED_FUNCTION = YES;
				GCC_WARN_UNUSED_VARIABLE = YES;
				IPHONEOS_DEPLOYMENT_TARGET = 5.0;
				MTL_ENABLE_DEBUG_INFO = NO;
				SDKROOT = iphoneos;
				VALIDATE_PRODUCT = YES;
			};
			name = Release;
		};
		65FD5B681A721B50007239B9 /* Debug */ = {
			isa = XCBuildConfiguration;
			buildSettings = {
				ASSETCATALOG_COMPILER_APPICON_NAME = AppIcon;
				INFOPLIST_FILE = MoShang/Info.plist;
				LD_RUNPATH_SEARCH_PATHS = "$(inherited) @executable_path/Frameworks";
				PRODUCT_NAME = "$(TARGET_NAME)";
			};
			name = Debug;
		};
		65FD5B691A721B50007239B9 /* Release */ = {
			isa = XCBuildConfiguration;
			buildSettings = {
				ASSETCATALOG_COMPILER_APPICON_NAME = AppIcon;
				INFOPLIST_FILE = MoShang/Info.plist;
				LD_RUNPATH_SEARCH_PATHS = "$(inherited) @executable_path/Frameworks";
				PRODUCT_NAME = "$(TARGET_NAME)";
			};
			name = Release;
		};
		65FD5B6B1A721B50007239B9 /* Debug */ = {
			isa = XCBuildConfiguration;
			buildSettings = {
				BUNDLE_LOADER = "$(TEST_HOST)";
				FRAMEWORK_SEARCH_PATHS = (
					"$(SDKROOT)/Developer/Library/Frameworks",
					"$(inherited)",
				);
				GCC_PREPROCESSOR_DEFINITIONS = (
					"DEBUG=1",
					"$(inherited)",
				);
				INFOPLIST_FILE = MoShangTests/Info.plist;
				LD_RUNPATH_SEARCH_PATHS = "$(inherited) @executable_path/Frameworks @loader_path/Frameworks";
				PRODUCT_NAME = "$(TARGET_NAME)";
				TEST_HOST = "$(BUILT_PRODUCTS_DIR)/MoShang.app/MoShang";
			};
			name = Debug;
		};
		65FD5B6C1A721B50007239B9 /* Release */ = {
			isa = XCBuildConfiguration;
			buildSettings = {
				BUNDLE_LOADER = "$(TEST_HOST)";
				FRAMEWORK_SEARCH_PATHS = (
					"$(SDKROOT)/Developer/Library/Frameworks",
					"$(inherited)",
				);
				INFOPLIST_FILE = MoShangTests/Info.plist;
				LD_RUNPATH_SEARCH_PATHS = "$(inherited) @executable_path/Frameworks @loader_path/Frameworks";
				PRODUCT_NAME = "$(TARGET_NAME)";
				TEST_HOST = "$(BUILT_PRODUCTS_DIR)/MoShang.app/MoShang";
			};
			name = Release;
		};
/* End XCBuildConfiguration section */

/* Begin XCConfigurationList section */
		65FD5B3F1A721B4F007239B9 /* Build configuration list for PBXProject "MoShang" */ = {
			isa = XCConfigurationList;
			buildConfigurations = (
				65FD5B651A721B50007239B9 /* Debug */,
				65FD5B661A721B50007239B9 /* Release */,
			);
			defaultConfigurationIsVisible = 0;
			defaultConfigurationName = Release;
		};
		65FD5B671A721B50007239B9 /* Build configuration list for PBXNativeTarget "MoShang" */ = {
			isa = XCConfigurationList;
			buildConfigurations = (
				65FD5B681A721B50007239B9 /* Debug */,
				65FD5B691A721B50007239B9 /* Release */,
			);
			defaultConfigurationIsVisible = 0;
		};
		65FD5B6A1A721B50007239B9 /* Build configuration list for PBXNativeTarget "MoShangTests" */ = {
			isa = XCConfigurationList;
			buildConfigurations = (
				65FD5B6B1A721B50007239B9 /* Debug */,
				65FD5B6C1A721B50007239B9 /* Release */,
			);
			defaultConfigurationIsVisible = 0;
		};
/* End XCConfigurationList section */
	};
	rootObject = 65FD5B3C1A721B4F007239B9 /* Project object */;
}
